
Microsoft Visual Studio Solution File, Format Version 12.00
# Visual Studio 2013
VisualStudioVersion = 12.0.21005.1
MinimumVisualStudioVersion = 10.0.40219.1
Project("{FAE04EC0-301F-11D3-BF4B-00C04F79EFBC}") = "01. Refactoring", "01. Refactoring\01. Refactoring.csproj", "{6991D526-62A8-4725-9B7A-BDE90994782A}"
EndProject
Project("{FAE04EC0-301F-11D3-BF4B-00C04F79EFBC}") = "02. StudentSystem", "02. StudentSystem\02. StudentSystem.csproj", "{E1BF355D-4622-4E7E-BF96-716FB756DC26}"
EndProject
Project("{FAE04EC0-301F-11D3-BF4B-00C04F79EFBC}") = "03. Linkedln", "03. Linkedln\03. Linkedln.csproj", "{A65FA848-7718-45D4-9C8C-3E3FEAA8EDA4}"
EndProject
Global
	GlobalSection(SolutionConfigurationPlatforms) = preSolution
		Debug|Any CPU = Debug|Any CPU
		Release|Any CPU = Release|Any CPU
	EndGlobalSection
	GlobalSection(ProjectConfigurationPlatforms) = postSolution
		{6991D526-62A8-4725-9B7A-BDE90994782A}.Debug|Any CPU.ActiveCfg = Debug|Any CPU
		{6991D526-62A8-4725-9B7A-BDE90994782A}.Debug|Any CPU.Build.0 = Debug|Any CPU
		{6991D526-62A8-4725-9B7A-BDE90994782A}.Release|Any CPU.ActiveCfg = Release|Any CPU
		{6991D526-62A8-4725-9B7A-BDE90994782A}.Release|Any CPU.Build.0 = Release|Any CPU
		{E1BF355D-4622-4E7E-BF96-716FB756DC26}.Debug|Any CPU.ActiveCfg = Debug|Any CPU
		{E1BF355D-4622-4E7E-BF96-716FB756DC26}.Debug|Any CPU.Build.0 = Debug|Any CPU
		{E1BF355D-4622-4E7E-BF96-716FB756DC26}.Release|Any CPU.ActiveCfg = Release|Any CPU
		{E1BF355D-4622-4E7E-BF96-716FB756DC26}.Release|Any CPU.Build.0 = Release|Any CPU
		{A65FA848-7718-45D4-9C8C-3E3FEAA8EDA4}.Debug|Any CPU.ActiveCfg = Debug|Any CPU
		{A65FA848-7718-45D4-9C8C-3E3FEAA8EDA4}.Debug|Any CPU.Build.0 = Debug|Any CPU
		{A65FA848-7718-45D4-9C8C-3E3FEAA8EDA4}.Release|Any CPU.ActiveCfg = Release|Any CPU
		{A65FA848-7718-45D4-9C8C-3E3FEAA8EDA4}.Release|Any CPU.Build.0 = Release|Any CPU
	EndGlobalSection
	GlobalSection(SolutionProperties) = preSolution
		HideSolutionNode = FALSE
	EndGlobalSection
EndGlobal
